{
  "name": "link-visualizer",
  "version": "1.0.0",
  "lockfileVersion": 3,
  "requires": true,
  "packages": {
    "": {
      "name": "link-visualizer",
      "version": "1.0.0",
      "license": "ISC",
      "dependencies": {
        "@materializecss/materialize": "^2.0.3"
      }
    },
    "node_modules/@materializecss/materialize": {
      "version": "2.0.3",
      "resolved": "https://registry.npmjs.org/@materializecss/materialize/-/materialize-2.0.3.tgz",
      "integrity": "sha512-QgiTW/3KHC/gTmpBloJONyTNpu24XBTAzrKWeS517S5lhMbw5yRvLTQuEAjlifRgGkLC/7j56D0G2aKfL4j9Qg==",
      "funding": [
        {
          "type": "github",
          "url": "https://github.com/sponsors/materializecss"
        },
        {
          "type": "opencollective",
          "url": "https://opencollective.com/materialize"
        }
      ],
      "hasInstallScript": true
    }
  }
}
